<?xml version="1.0" encoding="UTF-8" standalone="yes" ?>
<CodeBlocks_project_file>
	<FileVersion major="1" minor="6" />
	<Project>
		<Option title="ANNpp" />
		<Option pch_mode="2" />
		<Option compiler="gcc" />
		<Build>
			<Target title="Debug">
				<Option output="bin/Debug/ANNpp" prefix_auto="1" extension_auto="1" />
				<Option object_output="obj/Debug/" />
				<Option type="1" />
				<Option compiler="gcc" />
				<Compiler>
					<Add option="-g" />
					<Add directory="include" />
				</Compiler>
			</Target>
			<Target title="Release">
				<Option output="bin/Release/ANNpp" prefix_auto="1" extension_auto="1" />
				<Option object_output="obj/Release/" />
				<Option type="1" />
				<Option compiler="gcc" />
				<Compiler>
					<Add option="-O2" />
					<Add directory="include" />
				</Compiler>
				<Linker>
					<Add option="-s" />
				</Linker>
			</Target>
		</Build>
		<Compiler>
			<Add option="-Wall" />
			<Add option="-fexceptions" />
			<Add directory="../ANN" />
			<Add directory="../include" />
		</Compiler>
		<Linker>
			<Add option="-llapack" />
			<Add option="-lblas" />
			<Add option="-larmadillo" />
		</Linker>
		<Unit filename="../ANN/ANN.cpp" />
		<Unit filename="../ANN/ANN_class.cpp" />
		<Unit filename="../ANN/ANN_class.h" />
		<Unit filename="../ANN/BTC.cpp" />
		<Unit filename="../ANN/BTC.h" />
		<Unit filename="../ANN/BTCSet.cpp" />
		<Unit filename="../ANN/BTCSet.h" />
		<Unit filename="../ANN/DistributionNUnif.cpp" />
		<Unit filename="../ANN/ML.cpp" />
		<Unit filename="../ANN/ML.h" />
		<Unit filename="../ANN/Matrix.cpp" />
		<Unit filename="../ANN/Matrix.h" />
		<Unit filename="../ANN/Matrix_arma.cpp" />
		<Unit filename="../ANN/Matrix_arma.h" />
		<Unit filename="../ANN/Node.cpp" />
		<Unit filename="../ANN/Node.h" />
		<Unit filename="../ANN/NormalDist.cpp" />
		<Unit filename="../ANN/QuickSort.cpp" />
		<Unit filename="../ANN/QuickSort.h" />
		<Unit filename="../ANN/StringOP.cpp" />
		<Unit filename="../ANN/StringOP.h" />
		<Unit filename="../ANN/Vector.cpp" />
		<Unit filename="../ANN/Vector.h" />
		<Unit filename="../ANN/Vector_arma.cpp" />
		<Unit filename="../ANN/Vector_arma.h" />
		<Unit filename="../include/utils.h" />
		<Unit filename="../src/utils.cpp" />
		<Extensions>
			<envvars />
			<code_completion />
			<debugger />
		</Extensions>
	</Project>
</CodeBlocks_project_file>
